<?xml version="1.0" encoding="utf-8"?>
<Project ToolsVersion="4.0" xmlns="http://schemas.microsoft.com/developer/msbuild/2003">
  <ItemGroup>
    <Filter Include="General">
      <UniqueIdentifier>{efc6beb3-11c4-40e8-8a8c-304543154d56}</UniqueIdentifier>
    </Filter>
  </ItemGroup>
  <ItemGroup>
    <ClCompile Include="Block.cpp">
      <Filter>General</Filter>
    </ClCompile>
    <ClCompile Include="Chunk.cpp">
      <Filter>General</Filter>
    </ClCompile>
    <ClCompile Include="BlockInfo.cpp">
      <Filter>General</Filter>
    </ClCompile>
    <ClCompile Include="World.cpp">
      <Filter>General</Filter>
    </ClCompile>
    <ClCompile Include="Enemy.cpp">
      <Filter>General</Filter>
    </ClCompile>
    <ClCompile Include="Entity.cpp">
      <Filter>General</Filter>
    </ClCompile>
    <ClCompile Include="Bullet.cpp">
      <Filter>General</Filter>
    </ClCompile>
    <ClCompile Include="Main_Win32.cpp">
      <Filter>General</Filter>
    </ClCompile>
    <ClCompile Include="MainMenu.cpp">
      <Filter>General</Filter>
    </ClCompile>
    <ClCompile Include="Player.cpp">
      <Filter>General</Filter>
    </ClCompile>
    <ClCompile Include="GameCommons.cpp">
      <Filter>General</Filter>
    </ClCompile>
    <ClCompile Include="TheGame.cpp">
      <Filter>General</Filter>
    </ClCompile>
  </ItemGroup>
  <ItemGroup>
    <ClInclude Include="Block.hpp">
      <Filter>General</Filter>
    </ClInclude>
    <ClInclude Include="Chunk.hpp">
      <Filter>General</Filter>
    </ClInclude>
    <ClInclude Include="BlockInfo.hpp">
      <Filter>General</Filter>
    </ClInclude>
    <ClInclude Include="World.hpp">
      <Filter>General</Filter>
    </ClInclude>
    <ClInclude Include="Enemy.hpp">
      <Filter>General</Filter>
    </ClInclude>
    <ClInclude Include="Entity.hpp">
      <Filter>General</Filter>
    </ClInclude>
    <ClInclude Include="Bullet.hpp">
      <Filter>General</Filter>
    </ClInclude>
    <ClInclude Include="MainMenu.hpp">
      <Filter>General</Filter>
    </ClInclude>
    <ClInclude Include="Player.hpp">
      <Filter>General</Filter>
    </ClInclude>
    <ClInclude Include="GameCommons.hpp">
      <Filter>General</Filter>
    </ClInclude>
    <ClInclude Include="TheGame.hpp">
      <Filter>General</Filter>
    </ClInclude>
  </ItemGroup>
</Project>